
Microsoft Visual Studio Solution File, Format Version 12.00
# Visual Studio 14
VisualStudioVersion = 14.0.23107.0
MinimumVisualStudioVersion = 10.0.40219.1
Project("{2150E333-8FDC-42A3-9474-1A3956D46DE8}") = "Source", "Source", "{4D375D49-2250-484E-AF15-B7F34421EF6D}"
EndProject
Project("{2150E333-8FDC-42A3-9474-1A3956D46DE8}") = "Tests", "Tests", "{F24B4635-D87F-422A-B658-41E30EDAAB67}"
EndProject
Project("{FAE04EC0-301F-11D3-BF4B-00C04F79EFBC}") = "MudEngine.Runtime.Tests", "Tests\MudEngine.Runtime.Tests\MudEngine.Runtime.Tests.csproj", "{016D925F-C920-40F7-B5DA-F96A13C97918}"
EndProject
Project("{FAE04EC0-301F-11D3-BF4B-00C04F79EFBC}") = "MudEngine.Core", "Src\MudEngine.Core\MudEngine.Core.csproj", "{3C8D5969-8510-4122-A91A-584507D1C9B6}"
EndProject
Global
	GlobalSection(SolutionConfigurationPlatforms) = preSolution
		Debug|Any CPU = Debug|Any CPU
		Release|Any CPU = Release|Any CPU
	EndGlobalSection
	GlobalSection(ProjectConfigurationPlatforms) = postSolution
		{016D925F-C920-40F7-B5DA-F96A13C97918}.Debug|Any CPU.ActiveCfg = Debug|Any CPU
		{016D925F-C920-40F7-B5DA-F96A13C97918}.Debug|Any CPU.Build.0 = Debug|Any CPU
		{016D925F-C920-40F7-B5DA-F96A13C97918}.Release|Any CPU.ActiveCfg = Release|Any CPU
		{016D925F-C920-40F7-B5DA-F96A13C97918}.Release|Any CPU.Build.0 = Release|Any CPU
		{3C8D5969-8510-4122-A91A-584507D1C9B6}.Debug|Any CPU.ActiveCfg = Debug|Any CPU
		{3C8D5969-8510-4122-A91A-584507D1C9B6}.Debug|Any CPU.Build.0 = Debug|Any CPU
		{3C8D5969-8510-4122-A91A-584507D1C9B6}.Release|Any CPU.ActiveCfg = Release|Any CPU
		{3C8D5969-8510-4122-A91A-584507D1C9B6}.Release|Any CPU.Build.0 = Release|Any CPU
	EndGlobalSection
	GlobalSection(SolutionProperties) = preSolution
		HideSolutionNode = FALSE
	EndGlobalSection
	GlobalSection(NestedProjects) = preSolution
		{016D925F-C920-40F7-B5DA-F96A13C97918} = {F24B4635-D87F-422A-B658-41E30EDAAB67}
		{3C8D5969-8510-4122-A91A-584507D1C9B6} = {4D375D49-2250-484E-AF15-B7F34421EF6D}
	EndGlobalSection
EndGlobal
